
Microsoft Visual Studio Solution File, Format Version 12.00
# Visual Studio Version 17
VisualStudioVersion = 17.9.34714.143
MinimumVisualStudioVersion = 10.0.40219.1
Project("{9A19103F-16F7-4668-BE54-9A1E7A4F7556}") = "CliMg", "CliMg\CliMg.csproj", "{25A74E5F-9B84-4413-A0A6-64974C7388ED}"
EndProject
Global
	GlobalSection(SolutionConfigurationPlatforms) = preSolution
		Debug|Any CPU = Debug|Any CPU
		Release|Any CPU = Release|Any CPU
	EndGlobalSection
	GlobalSection(ProjectConfigurationPlatforms) = postSolution
		{25A74E5F-9B84-4413-A0A6-64974C7388ED}.Debug|Any CPU.ActiveCfg = Debug|Any CPU
		{25A74E5F-9B84-4413-A0A6-64974C7388ED}.Debug|Any CPU.Build.0 = Debug|Any CPU
		{25A74E5F-9B84-4413-A0A6-64974C7388ED}.Release|Any CPU.ActiveCfg = Release|Any CPU
		{25A74E5F-9B84-4413-A0A6-64974C7388ED}.Release|Any CPU.Build.0 = Release|Any CPU
	EndGlobalSection
	GlobalSection(SolutionProperties) = preSolution
		HideSolutionNode = FALSE
	EndGlobalSection
	GlobalSection(ExtensibilityGlobals) = postSolution
		SolutionGuid = {849B2646-2939-4B5E-B127-6CF55C619EE4}
	EndGlobalSection
EndGlobal
